// !$*UTF8*$!
{
	archiveVersion = 1;
	classes = {
	};
	objectVersion = 52;
	objects = {

/* Begin PBXBuildFile section */
		600B8947256A85E7008CF6DB /* ArrayExtension.swift in Sources */ = {isa = PBXBuildFile; fileRef = 600B8946256A85E7008CF6DB /* ArrayExtension.swift */; };
		601FFB3C255A961600EA818B /* PersonViewController.swift in Sources */ = {isa = PBXBuildFile; fileRef = 601FFB3B255A961600EA818B /* PersonViewController.swift */; };
		606641BD2567D12600040EF3 /* Nuke in Frameworks */ = {isa = PBXBuildFile; productRef = 606641BC2567D12600040EF3 /* Nuke */; };
		6071535F255498B000D42466 /* AppDelegate.swift in Sources */ = {isa = PBXBuildFile; fileRef = 6071535E255498B000D42466 /* AppDelegate.swift */; };
		60715361255498B000D42466 /* SceneDelegate.swift in Sources */ = {isa = PBXBuildFile; fileRef = 60715360255498B000D42466 /* SceneDelegate.swift */; };
		60715366255498B000D42466 /* Main.storyboard in Resources */ = {isa = PBXBuildFile; fileRef = 60715364255498B000D42466 /* Main.storyboard */; };
		6071536B255498B600D42466 /* Assets.xcassets in Resources */ = {isa = PBXBuildFile; fileRef = 6071536A255498B600D42466 /* Assets.xcassets */; };
		6071536E255498B600D42466 /* LaunchScreen.storyboard in Resources */ = {isa = PBXBuildFile; fileRef = 6071536C255498B600D42466 /* LaunchScreen.storyboard */; };
		6071537D25549CCC00D42466 /* PersonCell.swift in Sources */ = {isa = PBXBuildFile; fileRef = 6071537C25549CCC00D42466 /* PersonCell.swift */; };
		607153812554A71900D42466 /* MainViewController.swift in Sources */ = {isa = PBXBuildFile; fileRef = 607153802554A71900D42466 /* MainViewController.swift */; };
		607153832554A7BC00D42466 /* Person.swift in Sources */ = {isa = PBXBuildFile; fileRef = 607153822554A7BC00D42466 /* Person.swift */; };
		607153852554A83200D42466 /* PersonProperties.swift in Sources */ = {isa = PBXBuildFile; fileRef = 607153842554A83200D42466 /* PersonProperties.swift */; };
		607153882554A87C00D42466 /* CustomTypes.swift in Sources */ = {isa = PBXBuildFile; fileRef = 607153862554A87B00D42466 /* CustomTypes.swift */; };
		607153892554A87C00D42466 /* StringExtension.swift in Sources */ = {isa = PBXBuildFile; fileRef = 607153872554A87C00D42466 /* StringExtension.swift */; };
		6071538D2554AA3D00D42466 /* APIManager.swift in Sources */ = {isa = PBXBuildFile; fileRef = 6071538A2554AA3C00D42466 /* APIManager.swift */; };
		6071538E2554AA3D00D42466 /* ImageManager.swift in Sources */ = {isa = PBXBuildFile; fileRef = 6071538B2554AA3C00D42466 /* ImageManager.swift */; };
		6071538F2554AA3D00D42466 /* URIs.swift in Sources */ = {isa = PBXBuildFile; fileRef = 6071538C2554AA3D00D42466 /* URIs.swift */; };
		60728B93255ADDF100CF7749 /* Utilities.swift in Sources */ = {isa = PBXBuildFile; fileRef = 60728B8B255ADDF000CF7749 /* Utilities.swift */; };
		60728B94255ADDF100CF7749 /* ImageViewerConfiguration.swift in Sources */ = {isa = PBXBuildFile; fileRef = 60728B8C255ADDF000CF7749 /* ImageViewerConfiguration.swift */; };
		60728B98255ADDF100CF7749 /* ImageViewerController.swift in Sources */ = {isa = PBXBuildFile; fileRef = 60728B90255ADDF000CF7749 /* ImageViewerController.swift */; };
		60728B99255ADDF100CF7749 /* AnimatableImageView.swift in Sources */ = {isa = PBXBuildFile; fileRef = 60728B92255ADDF100CF7749 /* AnimatableImageView.swift */; };
		60728B9D255ADE4400CF7749 /* ImageViewer-Assets.xcassets in Resources */ = {isa = PBXBuildFile; fileRef = 60728B9B255ADE4300CF7749 /* ImageViewer-Assets.xcassets */; };
		60728B9E255ADE4400CF7749 /* ImageViewerController.xib in Resources */ = {isa = PBXBuildFile; fileRef = 60728B9C255ADE4400CF7749 /* ImageViewerController.xib */; };
		60728BA4255ADE5F00CF7749 /* ImageViewerDismissalInteractor.swift in Sources */ = {isa = PBXBuildFile; fileRef = 60728BA0255ADE5E00CF7749 /* ImageViewerDismissalInteractor.swift */; };
		60728BA5255ADE5F00CF7749 /* ImageViewerDismissalTransition.swift in Sources */ = {isa = PBXBuildFile; fileRef = 60728BA1255ADE5E00CF7749 /* ImageViewerDismissalTransition.swift */; };
		60728BA6255ADE5F00CF7749 /* ImageViewerTransitioningHandler.swift in Sources */ = {isa = PBXBuildFile; fileRef = 60728BA2255ADE5E00CF7749 /* ImageViewerTransitioningHandler.swift */; };
		60728BA7255ADE5F00CF7749 /* ImageViewerPresentationTransition.swift in Sources */ = {isa = PBXBuildFile; fileRef = 60728BA3255ADE5F00CF7749 /* ImageViewerPresentationTransition.swift */; };
		60A8D0A2255C030C000F4034 /* DBWorker.swift in Sources */ = {isa = PBXBuildFile; fileRef = 60A8D0A1255C030C000F4034 /* DBWorker.swift */; };
		60E0C7AC25612816005F03D9 /* DataBase.xcdatamodeld in Sources */ = {isa = PBXBuildFile; fileRef = 60E0C7AA25612816005F03D9 /* DataBase.xcdatamodeld */; };
/* End PBXBuildFile section */

/* Begin PBXFileReference section */
		600B8946256A85E7008CF6DB /* ArrayExtension.swift */ = {isa = PBXFileReference; lastKnownFileType = sourcecode.swift; path = ArrayExtension.swift; sourceTree = "<group>"; };
		601FFB3B255A961600EA818B /* PersonViewController.swift */ = {isa = PBXFileReference; lastKnownFileType = sourcecode.swift; path = PersonViewController.swift; sourceTree = "<group>"; };
		6071535B255498B000D42466 /* GreenDataTest.app */ = {isa = PBXFileReference; explicitFileType = wrapper.application; includeInIndex = 0; path = GreenDataTest.app; sourceTree = BUILT_PRODUCTS_DIR; };
		6071535E255498B000D42466 /* AppDelegate.swift */ = {isa = PBXFileReference; lastKnownFileType = sourcecode.swift; path = AppDelegate.swift; sourceTree = "<group>"; };
		60715360255498B000D42466 /* SceneDelegate.swift */ = {isa = PBXFileReference; lastKnownFileType = sourcecode.swift; path = SceneDelegate.swift; sourceTree = "<group>"; };
		60715365255498B000D42466 /* Base */ = {isa = PBXFileReference; lastKnownFileType = file.storyboard; name = Base; path = Base.lproj/Main.storyboard; sourceTree = "<group>"; };
		6071536A255498B600D42466 /* Assets.xcassets */ = {isa = PBXFileReference; lastKnownFileType = folder.assetcatalog; path = Assets.xcassets; sourceTree = "<group>"; };
		6071536D255498B600D42466 /* Base */ = {isa = PBXFileReference; lastKnownFileType = file.storyboard; name = Base; path = Base.lproj/LaunchScreen.storyboard; sourceTree = "<group>"; };
		6071536F255498B600D42466 /* Info.plist */ = {isa = PBXFileReference; lastKnownFileType = text.plist.xml; path = Info.plist; sourceTree = "<group>"; };
		6071537C25549CCC00D42466 /* PersonCell.swift */ = {isa = PBXFileReference; lastKnownFileType = sourcecode.swift; path = PersonCell.swift; sourceTree = "<group>"; };
		607153802554A71900D42466 /* MainViewController.swift */ = {isa = PBXFileReference; lastKnownFileType = sourcecode.swift; path = MainViewController.swift; sourceTree = "<group>"; };
		607153822554A7BC00D42466 /* Person.swift */ = {isa = PBXFileReference; lastKnownFileType = sourcecode.swift; path = Person.swift; sourceTree = "<group>"; };
		607153842554A83200D42466 /* PersonProperties.swift */ = {isa = PBXFileReference; fileEncoding = 4; lastKnownFileType = sourcecode.swift; path = PersonProperties.swift; sourceTree = "<group>"; };
		607153862554A87B00D42466 /* CustomTypes.swift */ = {isa = PBXFileReference; fileEncoding = 4; lastKnownFileType = sourcecode.swift; path = CustomTypes.swift; sourceTree = "<group>"; };
		607153872554A87C00D42466 /* StringExtension.swift */ = {isa = PBXFileReference; fileEncoding = 4; lastKnownFileType = sourcecode.swift; path = StringExtension.swift; sourceTree = "<group>"; };
		6071538A2554AA3C00D42466 /* APIManager.swift */ = {isa = PBXFileReference; fileEncoding = 4; lastKnownFileType = sourcecode.swift; path = APIManager.swift; sourceTree = "<group>"; };
		6071538B2554AA3C00D42466 /* ImageManager.swift */ = {isa = PBXFileReference; fileEncoding = 4; lastKnownFileType = sourcecode.swift; path = ImageManager.swift; sourceTree = "<group>"; };
		6071538C2554AA3D00D42466 /* URIs.swift */ = {isa = PBXFileReference; fileEncoding = 4; lastKnownFileType = sourcecode.swift; path = URIs.swift; sourceTree = "<group>"; };
		60728B8B255ADDF000CF7749 /* Utilities.swift */ = {isa = PBXFileReference; fileEncoding = 4; lastKnownFileType = sourcecode.swift; path = Utilities.swift; sourceTree = "<group>"; };
		60728B8C255ADDF000CF7749 /* ImageViewerConfiguration.swift */ = {isa = PBXFileReference; fileEncoding = 4; lastKnownFileType = sourcecode.swift; path = ImageViewerConfiguration.swift; sourceTree = "<group>"; };
		60728B90255ADDF000CF7749 /* ImageViewerController.swift */ = {isa = PBXFileReference; fileEncoding = 4; lastKnownFileType = sourcecode.swift; path = ImageViewerController.swift; sourceTree = "<group>"; };
		60728B91255ADDF000CF7749 /* ImageViewer.h */ = {isa = PBXFileReference; fileEncoding = 4; lastKnownFileType = sourcecode.c.h; path = ImageViewer.h; sourceTree = "<group>"; };
		60728B92255ADDF100CF7749 /* AnimatableImageView.swift */ = {isa = PBXFileReference; fileEncoding = 4; lastKnownFileType = sourcecode.swift; path = AnimatableImageView.swift; sourceTree = "<group>"; };
		60728B9B255ADE4300CF7749 /* ImageViewer-Assets.xcassets */ = {isa = PBXFileReference; lastKnownFileType = folder.assetcatalog; path = "ImageViewer-Assets.xcassets"; sourceTree = "<group>"; };
		60728B9C255ADE4400CF7749 /* ImageViewerController.xib */ = {isa = PBXFileReference; fileEncoding = 4; lastKnownFileType = file.xib; path = ImageViewerController.xib; sourceTree = "<group>"; };
		60728BA0255ADE5E00CF7749 /* ImageViewerDismissalInteractor.swift */ = {isa = PBXFileReference; fileEncoding = 4; lastKnownFileType = sourcecode.swift; path = ImageViewerDismissalInteractor.swift; sourceTree = "<group>"; };
		60728BA1255ADE5E00CF7749 /* ImageViewerDismissalTransition.swift */ = {isa = PBXFileReference; fileEncoding = 4; lastKnownFileType = sourcecode.swift; path = ImageViewerDismissalTransition.swift; sourceTree = "<group>"; };
		60728BA2255ADE5E00CF7749 /* ImageViewerTransitioningHandler.swift */ = {isa = PBXFileReference; fileEncoding = 4; lastKnownFileType = sourcecode.swift; path = ImageViewerTransitioningHandler.swift; sourceTree = "<group>"; };
		60728BA3255ADE5F00CF7749 /* ImageViewerPresentationTransition.swift */ = {isa = PBXFileReference; fileEncoding = 4; lastKnownFileType = sourcecode.swift; path = ImageViewerPresentationTransition.swift; sourceTree = "<group>"; };
		60A8D0A1255C030C000F4034 /* DBWorker.swift */ = {isa = PBXFileReference; lastKnownFileType = sourcecode.swift; path = DBWorker.swift; sourceTree = "<group>"; };
		60E0C7AB25612816005F03D9 /* DataBase.xcdatamodel */ = {isa = PBXFileReference; lastKnownFileType = wrapper.xcdatamodel; path = DataBase.xcdatamodel; sourceTree = "<group>"; };
/* End PBXFileReference section */

/* Begin PBXFrameworksBuildPhase section */
		60715358255498B000D42466 /* Frameworks */ = {
			isa = PBXFrameworksBuildPhase;
			buildActionMask = 2147483647;
			files = (
				606641BD2567D12600040EF3 /* Nuke in Frameworks */,
			);
			runOnlyForDeploymentPostprocessing = 0;
		};
/* End PBXFrameworksBuildPhase section */

/* Begin PBXGroup section */
		60715352255498B000D42466 = {
			isa = PBXGroup;
			children = (
				6071535D255498B000D42466 /* GreenDataTest */,
				6071535C255498B000D42466 /* Products */,
				60728B86255ADB0400CF7749 /* Frameworks */,
			);
			sourceTree = "<group>";
		};
		6071535C255498B000D42466 /* Products */ = {
			isa = PBXGroup;
			children = (
				6071535B255498B000D42466 /* GreenDataTest.app */,
			);
			name = Products;
			sourceTree = "<group>";
		};
		6071535D255498B000D42466 /* GreenDataTest */ = {
			isa = PBXGroup;
			children = (
				60E0C7AA25612816005F03D9 /* DataBase.xcdatamodeld */,
				60A8D0A0255C02FD000F4034 /* DBFramework */,
				60728B8A255ADD9200CF7749 /* ImageViewer */,
				6071537925549B2D00D42466 /* Storyboard */,
				6071537825549B1900D42466 /* ServerAPI */,
				6071537525549AFD00D42466 /* Model */,
				6071537625549B0600D42466 /* View */,
				6071537725549B0A00D42466 /* Controller */,
				60715360255498B000D42466 /* SceneDelegate.swift */,
				6071535E255498B000D42466 /* AppDelegate.swift */,
				6071536A255498B600D42466 /* Assets.xcassets */,
				6071536F255498B600D42466 /* Info.plist */,
			);
			path = GreenDataTest;
			sourceTree = "<group>";
		};
		6071537525549AFD00D42466 /* Model */ = {
			isa = PBXGroup;
			children = (
				607153822554A7BC00D42466 /* Person.swift */,
				607153842554A83200D42466 /* PersonProperties.swift */,
				607153862554A87B00D42466 /* CustomTypes.swift */,
				607153872554A87C00D42466 /* StringExtension.swift */,
				600B8946256A85E7008CF6DB /* ArrayExtension.swift */,
			);
			path = Model;
			sourceTree = "<group>";
		};
		6071537625549B0600D42466 /* View */ = {
			isa = PBXGroup;
			children = (
				6071537C25549CCC00D42466 /* PersonCell.swift */,
			);
			path = View;
			sourceTree = "<group>";
		};
		6071537725549B0A00D42466 /* Controller */ = {
			isa = PBXGroup;
			children = (
				607153802554A71900D42466 /* MainViewController.swift */,
				601FFB3B255A961600EA818B /* PersonViewController.swift */,
			);
			path = Controller;
			sourceTree = "<group>";
		};
		6071537825549B1900D42466 /* ServerAPI */ = {
			isa = PBXGroup;
			children = (
				6071538A2554AA3C00D42466 /* APIManager.swift */,
				6071538B2554AA3C00D42466 /* ImageManager.swift */,
				6071538C2554AA3D00D42466 /* URIs.swift */,
			);
			path = ServerAPI;
			sourceTree = "<group>";
		};
		6071537925549B2D00D42466 /* Storyboard */ = {
			isa = PBXGroup;
			children = (
				60715364255498B000D42466 /* Main.storyboard */,
				6071536C255498B600D42466 /* LaunchScreen.storyboard */,
			);
			path = Storyboard;
			sourceTree = "<group>";
		};
		60728B86255ADB0400CF7749 /* Frameworks */ = {
			isa = PBXGroup;
			children = (
			);
			name = Frameworks;
			sourceTree = "<group>";
		};
		60728B8A255ADD9200CF7749 /* ImageViewer */ = {
			isa = PBXGroup;
			children = (
				60728B9F255ADE5000CF7749 /* Transition */,
				60728B9A255ADE3700CF7749 /* Resour */,
				60728B92255ADDF100CF7749 /* AnimatableImageView.swift */,
				60728B91255ADDF000CF7749 /* ImageViewer.h */,
				60728B8C255ADDF000CF7749 /* ImageViewerConfiguration.swift */,
				60728B90255ADDF000CF7749 /* ImageViewerController.swift */,
				60728B8B255ADDF000CF7749 /* Utilities.swift */,
			);
			path = ImageViewer;
			sourceTree = "<group>";
		};
		60728B9A255ADE3700CF7749 /* Resour */ = {
			isa = PBXGroup;
			children = (
				60728B9B255ADE4300CF7749 /* ImageViewer-Assets.xcassets */,
				60728B9C255ADE4400CF7749 /* ImageViewerController.xib */,
			);
			path = Resour;
			sourceTree = "<group>";
		};
		60728B9F255ADE5000CF7749 /* Transition */ = {
			isa = PBXGroup;
			children = (
				60728BA0255ADE5E00CF7749 /* ImageViewerDismissalInteractor.swift */,
				60728BA1255ADE5E00CF7749 /* ImageViewerDismissalTransition.swift */,
				60728BA3255ADE5F00CF7749 /* ImageViewerPresentationTransition.swift */,
				60728BA2255ADE5E00CF7749 /* ImageViewerTransitioningHandler.swift */,
			);
			path = Transition;
			sourceTree = "<group>";
		};
		60A8D0A0255C02FD000F4034 /* DBFramework */ = {
			isa = PBXGroup;
			children = (
				60A8D0A1255C030C000F4034 /* DBWorker.swift */,
			);
			path = DBFramework;
			sourceTree = "<group>";
		};
/* End PBXGroup section */

/* Begin PBXNativeTarget section */
		6071535A255498B000D42466 /* GreenDataTest */ = {
			isa = PBXNativeTarget;
			buildConfigurationList = 60715372255498B600D42466 /* Build configuration list for PBXNativeTarget "GreenDataTest" */;
			buildPhases = (
				60715357255498B000D42466 /* Sources */,
				60715358255498B000D42466 /* Frameworks */,
				60715359255498B000D42466 /* Resources */,
			);
			buildRules = (
			);
			dependencies = (
			);
			name = GreenDataTest;
			packageProductDependencies = (
				606641BC2567D12600040EF3 /* Nuke */,
			);
			productName = GreenDataTest;
			productReference = 6071535B255498B000D42466 /* GreenDataTest.app */;
			productType = "com.apple.product-type.application";
		};
/* End PBXNativeTarget section */

/* Begin PBXProject section */
		60715353255498B000D42466 /* Project object */ = {
			isa = PBXProject;
			attributes = {
				LastSwiftUpdateCheck = 1150;
				LastUpgradeCheck = 1150;
				ORGANIZATIONNAME = yaruncle;
				TargetAttributes = {
					6071535A255498B000D42466 = {
						CreatedOnToolsVersion = 11.5;
					};
				};
			};
			buildConfigurationList = 60715356255498B000D42466 /* Build configuration list for PBXProject "GreenDataTest" */;
			compatibilityVersion = "Xcode 9.3";
			developmentRegion = en;
			hasScannedForEncodings = 0;
			knownRegions = (
				en,
				Base,
			);
			mainGroup = 60715352255498B000D42466;
			packageReferences = (
				606641BB2567D12600040EF3 /* XCRemoteSwiftPackageReference "Nuke" */,
			);
			productRefGroup = 6071535C255498B000D42466 /* Products */;
			projectDirPath = "";
			projectRoot = "";
			targets = (
				6071535A255498B000D42466 /* GreenDataTest */,
			);
		};
/* End PBXProject section */

/* Begin PBXResourcesBuildPhase section */
		60715359255498B000D42466 /* Resources */ = {
			isa = PBXResourcesBuildPhase;
			buildActionMask = 2147483647;
			files = (
				6071536E255498B600D42466 /* LaunchScreen.storyboard in Resources */,
				60728B9D255ADE4400CF7749 /* ImageViewer-Assets.xcassets in Resources */,
				60728B9E255ADE4400CF7749 /* ImageViewerController.xib in Resources */,
				6071536B255498B600D42466 /* Assets.xcassets in Resources */,
				60715366255498B000D42466 /* Main.storyboard in Resources */,
			);
			runOnlyForDeploymentPostprocessing = 0;
		};
/* End PBXResourcesBuildPhase section */

/* Begin PBXSourcesBuildPhase section */
		60715357255498B000D42466 /* Sources */ = {
			isa = PBXSourcesBuildPhase;
			buildActionMask = 2147483647;
			files = (
				607153852554A83200D42466 /* PersonProperties.swift in Sources */,
				601FFB3C255A961600EA818B /* PersonViewController.swift in Sources */,
				60728B93255ADDF100CF7749 /* Utilities.swift in Sources */,
				607153832554A7BC00D42466 /* Person.swift in Sources */,
				60728BA4255ADE5F00CF7749 /* ImageViewerDismissalInteractor.swift in Sources */,
				6071538D2554AA3D00D42466 /* APIManager.swift in Sources */,
				6071537D25549CCC00D42466 /* PersonCell.swift in Sources */,
				6071538F2554AA3D00D42466 /* URIs.swift in Sources */,
				607153882554A87C00D42466 /* CustomTypes.swift in Sources */,
				60728BA5255ADE5F00CF7749 /* ImageViewerDismissalTransition.swift in Sources */,
				600B8947256A85E7008CF6DB /* ArrayExtension.swift in Sources */,
				607153892554A87C00D42466 /* StringExtension.swift in Sources */,
				60728BA6255ADE5F00CF7749 /* ImageViewerTransitioningHandler.swift in Sources */,
				60728B94255ADDF100CF7749 /* ImageViewerConfiguration.swift in Sources */,
				60A8D0A2255C030C000F4034 /* DBWorker.swift in Sources */,
				60728BA7255ADE5F00CF7749 /* ImageViewerPresentationTransition.swift in Sources */,
				6071535F255498B000D42466 /* AppDelegate.swift in Sources */,
				60728B99255ADDF100CF7749 /* AnimatableImageView.swift in Sources */,
				60715361255498B000D42466 /* SceneDelegate.swift in Sources */,
				6071538E2554AA3D00D42466 /* ImageManager.swift in Sources */,
				607153812554A71900D42466 /* MainViewController.swift in Sources */,
				60E0C7AC25612816005F03D9 /* DataBase.xcdatamodeld in Sources */,
				60728B98255ADDF100CF7749 /* ImageViewerController.swift in Sources */,
			);
			runOnlyForDeploymentPostprocessing = 0;
		};
/* End PBXSourcesBuildPhase section */

/* Begin PBXVariantGroup section */
		60715364255498B000D42466 /* Main.storyboard */ = {
			isa = PBXVariantGroup;
			children = (
				60715365255498B000D42466 /* Base */,
			);
			name = Main.storyboard;
			sourceTree = "<group>";
		};
		6071536C255498B600D42466 /* LaunchScreen.storyboard */ = {
			isa = PBXVariantGroup;
			children = (
				6071536D255498B600D42466 /* Base */,
			);
			name = LaunchScreen.storyboard;
			sourceTree = "<group>";
		};
/* End PBXVariantGroup section */

/* Begin XCBuildConfiguration section */
		60715370255498B600D42466 /* Debug */ = {
			isa = XCBuildConfiguration;
			buildSettings = {
				ALWAYS_SEARCH_USER_PATHS = NO;
				CLANG_ANALYZER_NONNULL = YES;
				CLANG_ANALYZER_NUMBER_OBJECT_CONVERSION = YES_AGGRESSIVE;
				CLANG_CXX_LANGUAGE_STANDARD = "gnu++14";
				CLANG_CXX_LIBRARY = "libc++";
				CLANG_ENABLE_MODULES = YES;
				CLANG_ENABLE_OBJC_ARC = YES;
				CLANG_ENABLE_OBJC_WEAK = YES;
				CLANG_WARN_BLOCK_CAPTURE_AUTORELEASING = YES;
				CLANG_WARN_BOOL_CONVERSION = YES;
				CLANG_WARN_COMMA = YES;
				CLANG_WARN_CONSTANT_CONVERSION = YES;
				CLANG_WARN_DEPRECATED_OBJC_IMPLEMENTATIONS = YES;
				CLANG_WARN_DIRECT_OBJC_ISA_USAGE = YES_ERROR;
				CLANG_WARN_DOCUMENTATION_COMMENTS = YES;
				CLANG_WARN_EMPTY_BODY = YES;
				CLANG_WARN_ENUM_CONVERSION = YES;
				CLANG_WARN_INFINITE_RECURSION = YES;
				CLANG_WARN_INT_CONVERSION = YES;
				CLANG_WARN_NON_LITERAL_NULL_CONVERSION = YES;
				CLANG_WARN_OBJC_IMPLICIT_RETAIN_SELF = YES;
				CLANG_WARN_OBJC_LITERAL_CONVERSION = YES;
				CLANG_WARN_OBJC_ROOT_CLASS = YES_ERROR;
				CLANG_WARN_RANGE_LOOP_ANALYSIS = YES;
				CLANG_WARN_STRICT_PROTOTYPES = YES;
				CLANG_WARN_SUSPICIOUS_MOVE = YES;
				CLANG_WARN_UNGUARDED_AVAILABILITY = YES_AGGRESSIVE;
				CLANG_WARN_UNREACHABLE_CODE = YES;
				CLANG_WARN__DUPLICATE_METHOD_MATCH = YES;
				COPY_PHASE_STRIP = NO;
				DEBUG_INFORMATION_FORMAT = dwarf;
				ENABLE_STRICT_OBJC_MSGSEND = YES;
				ENABLE_TESTABILITY = YES;
				GCC_C_LANGUAGE_STANDARD = gnu11;
				GCC_DYNAMIC_NO_PIC = NO;
				GCC_NO_COMMON_BLOCKS = YES;
				GCC_OPTIMIZATION_LEVEL = 0;
				GCC_PREPROCESSOR_DEFINITIONS = (
					"DEBUG=1",
					"$(inherited)",
				);
				GCC_WARN_64_TO_32_BIT_CONVERSION = YES;
				GCC_WARN_ABOUT_RETURN_TYPE = YES_ERROR;
				GCC_WARN_UNDECLARED_SELECTOR = YES;
				GCC_WARN_UNINITIALIZED_AUTOS = YES_AGGRESSIVE;
				GCC_WARN_UNUSED_FUNCTION = YES;
				GCC_WARN_UNUSED_VARIABLE = YES;
				IPHONEOS_DEPLOYMENT_TARGET = 13.5;
				MTL_ENABLE_DEBUG_INFO = INCLUDE_SOURCE;
				MTL_FAST_MATH = YES;
				ONLY_ACTIVE_ARCH = YES;
				SDKROOT = iphoneos;
				SWIFT_ACTIVE_COMPILATION_CONDITIONS = DEBUG;
				SWIFT_OPTIMIZATION_LEVEL = "-Onone";
			};
			name = Debug;
		};
		60715371255498B600D42466 /* Release */ = {
			isa = XCBuildConfiguration;
			buildSettings = {
				ALWAYS_SEARCH_USER_PATHS = NO;
				CLANG_ANALYZER_NONNULL = YES;
				CLANG_ANALYZER_NUMBER_OBJECT_CONVERSION = YES_AGGRESSIVE;
				CLANG_CXX_LANGUAGE_STANDARD = "gnu++14";
				CLANG_CXX_LIBRARY = "libc++";
				CLANG_ENABLE_MODULES = YES;
				CLANG_ENABLE_OBJC_ARC = YES;
				CLANG_ENABLE_OBJC_WEAK = YES;
				CLANG_WARN_BLOCK_CAPTURE_AUTORELEASING = YES;
				CLANG_WARN_BOOL_CONVERSION = YES;
				CLANG_WARN_COMMA = YES;
				CLANG_WARN_CONSTANT_CONVERSION = YES;
				CLANG_WARN_DEPRECATED_OBJC_IMPLEMENTATIONS = YES;
				CLANG_WARN_DIRECT_OBJC_ISA_USAGE = YES_ERROR;
				CLANG_WARN_DOCUMENTATION_COMMENTS = YES;
				CLANG_WARN_EMPTY_BODY = YES;
				CLANG_WARN_ENUM_CONVERSION = YES;
				CLANG_WARN_INFINITE_RECURSION = YES;
				CLANG_WARN_INT_CONVERSION = YES;
				CLANG_WARN_NON_LITERAL_NULL_CONVERSION = YES;
				CLANG_WARN_OBJC_IMPLICIT_RETAIN_SELF = YES;
				CLANG_WARN_OBJC_LITERAL_CONVERSION = YES;
				CLANG_WARN_OBJC_ROOT_CLASS = YES_ERROR;
				CLANG_WARN_RANGE_LOOP_ANALYSIS = YES;
				CLANG_WARN_STRICT_PROTOTYPES = YES;
				CLANG_WARN_SUSPICIOUS_MOVE = YES;
				CLANG_WARN_UNGUARDED_AVAILABILITY = YES_AGGRESSIVE;
				CLANG_WARN_UNREACHABLE_CODE = YES;
				CLANG_WARN__DUPLICATE_METHOD_MATCH = YES;
				COPY_PHASE_STRIP = NO;
				DEBUG_INFORMATION_FORMAT = "dwarf-with-dsym";
				ENABLE_NS_ASSERTIONS = NO;
				ENABLE_STRICT_OBJC_MSGSEND = YES;
				GCC_C_LANGUAGE_STANDARD = gnu11;
				GCC_NO_COMMON_BLOCKS = YES;
				GCC_WARN_64_TO_32_BIT_CONVERSION = YES;
				GCC_WARN_ABOUT_RETURN_TYPE = YES_ERROR;
				GCC_WARN_UNDECLARED_SELECTOR = YES;
				GCC_WARN_UNINITIALIZED_AUTOS = YES_AGGRESSIVE;
				GCC_WARN_UNUSED_FUNCTION = YES;
				GCC_WARN_UNUSED_VARIABLE = YES;
				IPHONEOS_DEPLOYMENT_TARGET = 13.5;
				MTL_ENABLE_DEBUG_INFO = NO;
				MTL_FAST_MATH = YES;
				SDKROOT = iphoneos;
				SWIFT_COMPILATION_MODE = wholemodule;
				SWIFT_OPTIMIZATION_LEVEL = "-O";
				VALIDATE_PRODUCT = YES;
			};
			name = Release;
		};
		60715373255498B600D42466 /* Debug */ = {
			isa = XCBuildConfiguration;
			buildSettings = {
				ASSETCATALOG_COMPILER_APPICON_NAME = AppIcon;
				CODE_SIGN_STYLE = Automatic;
				DEVELOPMENT_TEAM = KZDJV245WR;
				INFOPLIST_FILE = GreenDataTest/Info.plist;
				LD_RUNPATH_SEARCH_PATHS = (
					"$(inherited)",
					"@executable_path/Frameworks",
				);
				PRODUCT_BUNDLE_IDENTIFIER = com.vlasoft.GreenDataTest;
				PRODUCT_NAME = "$(TARGET_NAME)";
				SWIFT_VERSION = 5.0;
				TARGETED_DEVICE_FAMILY = "1,2";
			};
			name = Debug;
		};
		60715374255498B600D42466 /* Release */ = {
			isa = XCBuildConfiguration;
			buildSettings = {
				ASSETCATALOG_COMPILER_APPICON_NAME = AppIcon;
				CODE_SIGN_STYLE = Automatic;
				DEVELOPMENT_TEAM = KZDJV245WR;
				INFOPLIST_FILE = GreenDataTest/Info.plist;
				LD_RUNPATH_SEARCH_PATHS = (
					"$(inherited)",
					"@executable_path/Frameworks",
				);
				PRODUCT_BUNDLE_IDENTIFIER = com.vlasoft.GreenDataTest;
				PRODUCT_NAME = "$(TARGET_NAME)";
				SWIFT_VERSION = 5.0;
				TARGETED_DEVICE_FAMILY = "1,2";
			};
			name = Release;
		};
/* End XCBuildConfiguration section */

/* Begin XCConfigurationList section */
		60715356255498B000D42466 /* Build configuration list for PBXProject "GreenDataTest" */ = {
			isa = XCConfigurationList;
			buildConfigurations = (
				60715370255498B600D42466 /* Debug */,
				60715371255498B600D42466 /* Release */,
			);
			defaultConfigurationIsVisible = 0;
			defaultConfigurationName = Release;
		};
		60715372255498B600D42466 /* Build configuration list for PBXNativeTarget "GreenDataTest" */ = {
			isa = XCConfigurationList;
			buildConfigurations = (
				60715373255498B600D42466 /* Debug */,
				60715374255498B600D42466 /* Release */,
			);
			defaultConfigurationIsVisible = 0;
			defaultConfigurationName = Release;
		};
/* End XCConfigurationList section */

/* Begin XCRemoteSwiftPackageReference section */
		606641BB2567D12600040EF3 /* XCRemoteSwiftPackageReference "Nuke" */ = {
			isa = XCRemoteSwiftPackageReference;
			repositoryURL = "https://github.com/kean/Nuke/";
			requirement = {
				kind = upToNextMajorVersion;
				minimumVersion = 9.1.3;
			};
		};
/* End XCRemoteSwiftPackageReference section */

/* Begin XCSwiftPackageProductDependency section */
		606641BC2567D12600040EF3 /* Nuke */ = {
			isa = XCSwiftPackageProductDependency;
			package = 606641BB2567D12600040EF3 /* XCRemoteSwiftPackageReference "Nuke" */;
			productName = Nuke;
		};
/* End XCSwiftPackageProductDependency section */

/* Begin XCVersionGroup section */
		60E0C7AA25612816005F03D9 /* DataBase.xcdatamodeld */ = {
			isa = XCVersionGroup;
			children = (
				60E0C7AB25612816005F03D9 /* DataBase.xcdatamodel */,
			);
			currentVersion = 60E0C7AB25612816005F03D9 /* DataBase.xcdatamodel */;
			name = DataBase.xcdatamodeld;
			path = ../DataBase.xcdatamodeld;
			sourceTree = "<group>";
			versionGroupType = wrapper.xcdatamodel;
		};
/* End XCVersionGroup section */
	};
	rootObject = 60715353255498B000D42466 /* Project object */;
}
